
Microsoft Visual Studio Solution File, Format Version 12.00
# Visual Studio Version 17
VisualStudioVersion = 17.0.31903.59
MinimumVisualStudioVersion = 10.0.40219.1
Project("{2150E333-8FDC-42A3-9474-1A3956D46DE8}") = "src", "src", "{7E31C1C4-8478-4855-8C0C-81750BA7FA7E}"
EndProject
Project("{F2A71F9B-5D33-465A-A702-920D77279786}") = "Ligature", "src\Ligature\Ligature.fsproj", "{CF42B149-3EAC-4A42-BDDF-B58EDDDDE672}"
EndProject
Project("{F2A71F9B-5D33-465A-A702-920D77279786}") = "Ligature.Test", "src\Ligature.Test\Ligature.Test.fsproj", "{E87E0912-7E0F-49B5-ADED-CC54A9D66E8D}"
EndProject
Project("{F2A71F9B-5D33-465A-A702-920D77279786}") = "LigatureLab", "src\LigatureLab\LigatureLab.fsproj", "{8463B909-EC2F-49A1-A22D-76A219744E00}"
EndProject
Project("{2150E333-8FDC-42A3-9474-1A3956D46DE8}") = "LigatureLabJS", "LigatureLabJS", "{152FDA94-7F95-43AE-9A0C-60DB17D9B802}"
EndProject
Project("{F2A71F9B-5D33-465A-A702-920D77279786}") = "App", "src\LigatureLabJS\src\App.fsproj", "{67B64868-98A0-426C-A88A-19F9CE8A3D39}"
EndProject
Project("{F2A71F9B-5D33-465A-A702-920D77279786}") = "LigatureInMemory", "src\LigatureInMemory\LigatureInMemory.fsproj", "{3E94D9FE-6A5A-48D3-B626-CB990E8A759A}"
EndProject
Project("{F2A71F9B-5D33-465A-A702-920D77279786}") = "LigatureHttp", "src\LigatureHttp\LigatureHttp.fsproj", "{03FB4619-9A16-4696-9E15-0C6803CB9BFF}"
EndProject
Project("{FAE04EC0-301F-11D3-BF4B-00C04F79EFBC}") = "LigatureDesktop", "src\LigatureDesktop\LigatureDesktop.csproj", "{9FE5AA3C-B29C-4EFD-B8A0-E8FE27DCDA37}"
EndProject
Global
	GlobalSection(SolutionConfigurationPlatforms) = preSolution
		Debug|Any CPU = Debug|Any CPU
		Release|Any CPU = Release|Any CPU
	EndGlobalSection
	GlobalSection(SolutionProperties) = preSolution
		HideSolutionNode = FALSE
	EndGlobalSection
	GlobalSection(ProjectConfigurationPlatforms) = postSolution
		{CF42B149-3EAC-4A42-BDDF-B58EDDDDE672}.Debug|Any CPU.ActiveCfg = Debug|Any CPU
		{CF42B149-3EAC-4A42-BDDF-B58EDDDDE672}.Debug|Any CPU.Build.0 = Debug|Any CPU
		{CF42B149-3EAC-4A42-BDDF-B58EDDDDE672}.Release|Any CPU.ActiveCfg = Release|Any CPU
		{CF42B149-3EAC-4A42-BDDF-B58EDDDDE672}.Release|Any CPU.Build.0 = Release|Any CPU
		{E87E0912-7E0F-49B5-ADED-CC54A9D66E8D}.Debug|Any CPU.ActiveCfg = Debug|Any CPU
		{E87E0912-7E0F-49B5-ADED-CC54A9D66E8D}.Debug|Any CPU.Build.0 = Debug|Any CPU
		{E87E0912-7E0F-49B5-ADED-CC54A9D66E8D}.Release|Any CPU.ActiveCfg = Release|Any CPU
		{E87E0912-7E0F-49B5-ADED-CC54A9D66E8D}.Release|Any CPU.Build.0 = Release|Any CPU
		{8463B909-EC2F-49A1-A22D-76A219744E00}.Debug|Any CPU.ActiveCfg = Debug|Any CPU
		{8463B909-EC2F-49A1-A22D-76A219744E00}.Debug|Any CPU.Build.0 = Debug|Any CPU
		{8463B909-EC2F-49A1-A22D-76A219744E00}.Release|Any CPU.ActiveCfg = Release|Any CPU
		{8463B909-EC2F-49A1-A22D-76A219744E00}.Release|Any CPU.Build.0 = Release|Any CPU
		{67B64868-98A0-426C-A88A-19F9CE8A3D39}.Debug|Any CPU.ActiveCfg = Debug|Any CPU
		{67B64868-98A0-426C-A88A-19F9CE8A3D39}.Debug|Any CPU.Build.0 = Debug|Any CPU
		{67B64868-98A0-426C-A88A-19F9CE8A3D39}.Release|Any CPU.ActiveCfg = Release|Any CPU
		{67B64868-98A0-426C-A88A-19F9CE8A3D39}.Release|Any CPU.Build.0 = Release|Any CPU
		{3E94D9FE-6A5A-48D3-B626-CB990E8A759A}.Debug|Any CPU.ActiveCfg = Debug|Any CPU
		{3E94D9FE-6A5A-48D3-B626-CB990E8A759A}.Debug|Any CPU.Build.0 = Debug|Any CPU
		{3E94D9FE-6A5A-48D3-B626-CB990E8A759A}.Release|Any CPU.ActiveCfg = Release|Any CPU
		{3E94D9FE-6A5A-48D3-B626-CB990E8A759A}.Release|Any CPU.Build.0 = Release|Any CPU
		{03FB4619-9A16-4696-9E15-0C6803CB9BFF}.Debug|Any CPU.ActiveCfg = Debug|Any CPU
		{03FB4619-9A16-4696-9E15-0C6803CB9BFF}.Debug|Any CPU.Build.0 = Debug|Any CPU
		{03FB4619-9A16-4696-9E15-0C6803CB9BFF}.Release|Any CPU.ActiveCfg = Release|Any CPU
		{03FB4619-9A16-4696-9E15-0C6803CB9BFF}.Release|Any CPU.Build.0 = Release|Any CPU
		{9FE5AA3C-B29C-4EFD-B8A0-E8FE27DCDA37}.Debug|Any CPU.ActiveCfg = Debug|Any CPU
		{9FE5AA3C-B29C-4EFD-B8A0-E8FE27DCDA37}.Debug|Any CPU.Build.0 = Debug|Any CPU
		{9FE5AA3C-B29C-4EFD-B8A0-E8FE27DCDA37}.Release|Any CPU.ActiveCfg = Release|Any CPU
		{9FE5AA3C-B29C-4EFD-B8A0-E8FE27DCDA37}.Release|Any CPU.Build.0 = Release|Any CPU
	EndGlobalSection
	GlobalSection(NestedProjects) = preSolution
		{CF42B149-3EAC-4A42-BDDF-B58EDDDDE672} = {7E31C1C4-8478-4855-8C0C-81750BA7FA7E}
		{E87E0912-7E0F-49B5-ADED-CC54A9D66E8D} = {7E31C1C4-8478-4855-8C0C-81750BA7FA7E}
		{8463B909-EC2F-49A1-A22D-76A219744E00} = {7E31C1C4-8478-4855-8C0C-81750BA7FA7E}
		{152FDA94-7F95-43AE-9A0C-60DB17D9B802} = {7E31C1C4-8478-4855-8C0C-81750BA7FA7E}
		{67B64868-98A0-426C-A88A-19F9CE8A3D39} = {152FDA94-7F95-43AE-9A0C-60DB17D9B802}
		{3E94D9FE-6A5A-48D3-B626-CB990E8A759A} = {7E31C1C4-8478-4855-8C0C-81750BA7FA7E}
		{03FB4619-9A16-4696-9E15-0C6803CB9BFF} = {7E31C1C4-8478-4855-8C0C-81750BA7FA7E}
		{9FE5AA3C-B29C-4EFD-B8A0-E8FE27DCDA37} = {7E31C1C4-8478-4855-8C0C-81750BA7FA7E}
	EndGlobalSection
EndGlobal
